
Microsoft Visual Studio Solution File, Format Version 12.00
# Visual Studio Version 17
VisualStudioVersion = 17.9.34728.123
MinimumVisualStudioVersion = 10.0.40219.1
Project("{FAE04EC0-301F-11D3-BF4B-00C04F79EFBC}") = "WebInvManagement", "WebInvManagement\WebInvManagement.csproj", "{6AB46E73-8CE7-41D0-818E-50F6BBF04797}"
EndProject
Global
	GlobalSection(SolutionConfigurationPlatforms) = preSolution
		Debug|Any CPU = Debug|Any CPU
		Release|Any CPU = Release|Any CPU
	EndGlobalSection
	GlobalSection(ProjectConfigurationPlatforms) = postSolution
		{6AB46E73-8CE7-41D0-818E-50F6BBF04797}.Debug|Any CPU.ActiveCfg = Debug|Any CPU
		{6AB46E73-8CE7-41D0-818E-50F6BBF04797}.Debug|Any CPU.Build.0 = Debug|Any CPU
		{6AB46E73-8CE7-41D0-818E-50F6BBF04797}.Release|Any CPU.ActiveCfg = Release|Any CPU
		{6AB46E73-8CE7-41D0-818E-50F6BBF04797}.Release|Any CPU.Build.0 = Release|Any CPU
	EndGlobalSection
	GlobalSection(SolutionProperties) = preSolution
		HideSolutionNode = FALSE
	EndGlobalSection
	GlobalSection(ExtensibilityGlobals) = postSolution
		SolutionGuid = {A5F4322D-68B5-4C8B-9D09-7AAFB1AE2328}
	EndGlobalSection
EndGlobal
